schema: '2.0'
stages:
  data_collection:
    cmd: python src\water_potability_prediction_project\data_collection.py
    deps:
    - path: src\water_potability_prediction_project\data_collection.py
      hash: md5
      md5: 1eb76e62f6c9e5c51e6a8e0a9bc04b29
      size: 1927
    params:
      params.yaml:
        data_collection.test_size: 0.2
    outs:
    - path: data/raw
      hash: md5
      md5: c0c2d65c14a603e91e029fda3c344a5c.dir
      size: 522262
      nfiles: 2
  data_preprocessing:
    cmd: python src\water_potability_prediction_project\data_preprocessing.py
    deps:
    - path: data/raw
      hash: md5
      md5: c0c2d65c14a603e91e029fda3c344a5c.dir
      size: 522262
      nfiles: 2
    - path: src\water_potability_prediction_project\data_preprocessing.py
      hash: md5
      md5: 683e5e1aea6fc68d811b1d912193e335
      size: 2513
    outs:
    - path: data/preprocessed
      hash: md5
      md5: e34c84b2d0f2a75442271cd6c5779b7c.dir
      size: 546895
      nfiles: 2
  model_building:
    cmd: python src\water_potability_prediction_project\model_building.py
    deps:
    - path: data/preprocessed
      hash: md5
      md5: e34c84b2d0f2a75442271cd6c5779b7c.dir
      size: 546895
      nfiles: 2
    - path: src\water_potability_prediction_project\model_building.py
      hash: md5
      md5: ecfd3fb173b5de7f15e7aa1b4196e28f
      size: 2184
    params:
      params.yaml:
        model_building.max_depth: 5
        model_building.n_estimators: 150
    outs:
    - path: model.pkl
      hash: md5
      md5: de1dc3514b9ee52cc88446539978aebf
      size: 597223
  evaluate_model:
    cmd: python src\water_potability_prediction_project\evaluate_model.py
    deps:
    - path: model.pkl
      hash: md5
      md5: de1dc3514b9ee52cc88446539978aebf
      size: 597223
    - path: src\water_potability_prediction_project\evaluate_model.py
      hash: md5
      md5: e55a6bc3bb7ae6c2959e1ab9b8b19b40
      size: 2769
    outs:
    - path: metrics.json
      hash: md5
      md5: 5441fed55edb43e2b3b42d23ac320521
      size: 152
