schema: '2.0'
stages:
  data_collection:
    cmd: python src\water_potability_prediction_project\data_collection.py
    deps:
    - path: src\water_potability_prediction_project\data_collection.py
      hash: md5
      md5: c5a09c51078ca129f9c1bf42bf3707da
      size: 1873
    params:
      params.yaml:
        data_collection.test_size: 0.2
    outs:
    - path: data/raw
      hash: md5
      md5: c0c2d65c14a603e91e029fda3c344a5c.dir
      size: 522262
      nfiles: 2
  data_preprocessing:
    cmd: python src\water_potability_prediction_project\data_preprocessing.py
    deps:
    - path: data/raw
      hash: md5
      md5: c0c2d65c14a603e91e029fda3c344a5c.dir
      size: 522262
      nfiles: 2
    - path: src\water_potability_prediction_project\data_preprocessing.py
      hash: md5
      md5: fed6fa9f28fe19a54f396a1cae7503fe
      size: 2508
    outs:
    - path: data/preprocessed
      hash: md5
      md5: 09d7d1468d5c1e6739769af7e3154438.dir
      size: 546137
      nfiles: 2
  model_building:
    cmd: python src\water_potability_prediction_project\model_building.py
    deps:
    - path: data/preprocessed
      hash: md5
      md5: 09d7d1468d5c1e6739769af7e3154438.dir
      size: 546137
      nfiles: 2
    - path: src\water_potability_prediction_project\model_building.py
      hash: md5
      md5: fc731bf80d21c718d38c68257e5becec
      size: 3225
    params:
      params.yaml:
        model_building.max_depth: 5
        model_building.n_estimators: 300
    outs:
    - path: model.pkl
      hash: md5
      md5: bf6e6d9214a11c0a907b0bd97fc54508
      size: 1166319
  evaluate_model:
    cmd: python src\water_potability_prediction_project\evaluate_model.py
    deps:
    - path: model.pkl
      hash: md5
      md5: bf6e6d9214a11c0a907b0bd97fc54508
      size: 1166319
    - path: src\water_potability_prediction_project\evaluate_model.py
      hash: md5
      md5: e5e72ca03fcee363f29a7b4e920a7d2c
      size: 4675
    outs:
    - path: metrics.json
      hash: md5
      md5: 6f17cb8f91a05abfb9d7d5a683c8d5f4
      size: 151
